
Microsoft Visual Studio Solution File, Format Version 12.00
# Visual Studio Version 17
VisualStudioVersion = 17.6.33815.320
MinimumVisualStudioVersion = 10.0.40219.1
Project("{9A19103F-16F7-4668-BE54-9A1E7A4F7556}") = "graphql-skeleton", "graphql-skeleton.csproj", "{BF77ACEB-9817-4D49-9F7C-84BF9D63FE4C}"
EndProject
Project("{9A19103F-16F7-4668-BE54-9A1E7A4F7556}") = "Infrastructure", "..\Infrastructure\Infrastructure.csproj", "{47EEB363-39E0-48E4-A106-B9AAD28854F9}"
EndProject
Project("{9A19103F-16F7-4668-BE54-9A1E7A4F7556}") = "Domain", "..\Domain\Domain.csproj", "{D020D8F1-B26E-4BD9-B8AA-6CB7176D6A38}"
EndProject
Project("{9A19103F-16F7-4668-BE54-9A1E7A4F7556}") = "Application", "..\Application\Application.csproj", "{3DBAFE34-AB24-4530-A2A9-4C9F6A83B6B9}"
EndProject
Project("{FAE04EC0-301F-11D3-BF4B-00C04F79EFBC}") = "Tests", "..\Tests\Tests.csproj", "{336A6BBA-BCB1-4303-AFD4-25C01FBF74FF}"
EndProject
Global
	GlobalSection(SolutionConfigurationPlatforms) = preSolution
		Debug|Any CPU = Debug|Any CPU
		Release|Any CPU = Release|Any CPU
	EndGlobalSection
	GlobalSection(ProjectConfigurationPlatforms) = postSolution
		{BF77ACEB-9817-4D49-9F7C-84BF9D63FE4C}.Debug|Any CPU.ActiveCfg = Debug|Any CPU
		{BF77ACEB-9817-4D49-9F7C-84BF9D63FE4C}.Debug|Any CPU.Build.0 = Debug|Any CPU
		{BF77ACEB-9817-4D49-9F7C-84BF9D63FE4C}.Release|Any CPU.ActiveCfg = Release|Any CPU
		{BF77ACEB-9817-4D49-9F7C-84BF9D63FE4C}.Release|Any CPU.Build.0 = Release|Any CPU
		{47EEB363-39E0-48E4-A106-B9AAD28854F9}.Debug|Any CPU.ActiveCfg = Debug|Any CPU
		{47EEB363-39E0-48E4-A106-B9AAD28854F9}.Debug|Any CPU.Build.0 = Debug|Any CPU
		{47EEB363-39E0-48E4-A106-B9AAD28854F9}.Release|Any CPU.ActiveCfg = Release|Any CPU
		{47EEB363-39E0-48E4-A106-B9AAD28854F9}.Release|Any CPU.Build.0 = Release|Any CPU
		{D020D8F1-B26E-4BD9-B8AA-6CB7176D6A38}.Debug|Any CPU.ActiveCfg = Debug|Any CPU
		{D020D8F1-B26E-4BD9-B8AA-6CB7176D6A38}.Debug|Any CPU.Build.0 = Debug|Any CPU
		{D020D8F1-B26E-4BD9-B8AA-6CB7176D6A38}.Release|Any CPU.ActiveCfg = Release|Any CPU
		{D020D8F1-B26E-4BD9-B8AA-6CB7176D6A38}.Release|Any CPU.Build.0 = Release|Any CPU
		{3DBAFE34-AB24-4530-A2A9-4C9F6A83B6B9}.Debug|Any CPU.ActiveCfg = Debug|Any CPU
		{3DBAFE34-AB24-4530-A2A9-4C9F6A83B6B9}.Debug|Any CPU.Build.0 = Debug|Any CPU
		{3DBAFE34-AB24-4530-A2A9-4C9F6A83B6B9}.Release|Any CPU.ActiveCfg = Release|Any CPU
		{3DBAFE34-AB24-4530-A2A9-4C9F6A83B6B9}.Release|Any CPU.Build.0 = Release|Any CPU
		{336A6BBA-BCB1-4303-AFD4-25C01FBF74FF}.Debug|Any CPU.ActiveCfg = Debug|Any CPU
		{336A6BBA-BCB1-4303-AFD4-25C01FBF74FF}.Debug|Any CPU.Build.0 = Debug|Any CPU
		{336A6BBA-BCB1-4303-AFD4-25C01FBF74FF}.Release|Any CPU.ActiveCfg = Release|Any CPU
		{336A6BBA-BCB1-4303-AFD4-25C01FBF74FF}.Release|Any CPU.Build.0 = Release|Any CPU
	EndGlobalSection
	GlobalSection(SolutionProperties) = preSolution
		HideSolutionNode = FALSE
	EndGlobalSection
	GlobalSection(ExtensibilityGlobals) = postSolution
		SolutionGuid = {18379F7F-E2B2-47EF-A767-E277BC647565}
	EndGlobalSection
EndGlobal
